{
  "name": "@4site/engrid-common",
  "version": "0.2.16",
  "lockfileVersion": 1,
  "requires": true,
  "dependencies": {
    "ste-core": {
      "version": "2.1.5",
      "resolved": "https://registry.npmjs.org/ste-core/-/ste-core-2.1.5.tgz",
      "integrity": "sha512-3LdfDu+PrQ5ywIRPoXaYGZezIyi9yl23otvQxtanV9xHRrBe0w1abSaW1L/hWGxH4MOscCGdoCsRe7lQTqGEjQ=="
    },
    "ste-events": {
      "version": "2.1.5",
      "resolved": "https://registry.npmjs.org/ste-events/-/ste-events-2.1.5.tgz",
      "integrity": "sha512-cGg7Hq3yw7D/pP2OD9oi06aJRFm+PfS/LSrGuO0Khy3d9438EG+1ZdxuYkHvkiFlBnjtVKXgjMK/JgZLdEpCPQ==",
      "requires": {
        "ste-core": "^2.1.5"
      }
    },
    "ste-promise-events": {
      "version": "2.1.5",
      "resolved": "https://registry.npmjs.org/ste-promise-events/-/ste-promise-events-2.1.5.tgz",
      "integrity": "sha512-Ri7D5jJ+gls60vnaf5PtgXCMhF26T9rvUIc4yjwBvKdeFxju3IleE6CUIZ5NatiORvb+Qj/YWHn+5JEgeBNpkQ==",
      "requires": {
        "ste-core": "^2.1.5"
      }
    },
    "ste-promise-signals": {
      "version": "2.1.5",
      "resolved": "https://registry.npmjs.org/ste-promise-signals/-/ste-promise-signals-2.1.5.tgz",
      "integrity": "sha512-iMEPgXEVohbrXfBkrPJmVWAgH5EMZighQIDJ3XFfsFNvVKFNHGzw+NaLQkpzTyXgRJCuWizFsDgViuTCWPEP8Q==",
      "requires": {
        "ste-core": "^2.1.5"
      }
    },
    "ste-promise-simple-events": {
      "version": "2.1.5",
      "resolved": "https://registry.npmjs.org/ste-promise-simple-events/-/ste-promise-simple-events-2.1.5.tgz",
      "integrity": "sha512-TRnqz5iSnPlOUvi624X0T0mkEN7d4k6de8U7/kVyv9IrQaKfrYSJ4DQdXTUfbQYXV7yu+r63hoSr9D9jg0MN/Q==",
      "requires": {
        "ste-core": "^2.1.5"
      }
    },
    "ste-signals": {
      "version": "2.1.5",
      "resolved": "https://registry.npmjs.org/ste-signals/-/ste-signals-2.1.5.tgz",
      "integrity": "sha512-ppHnupv8noaNM20Zd744g5NMXNACmn7tsmHxE+x1wM+AL8xMH2xpQwrdLHap5v3VYwefRO1Afcx3CIDg//qejw==",
      "requires": {
        "ste-core": "^2.1.5"
      }
    },
    "ste-simple-events": {
      "version": "2.1.5",
      "resolved": "https://registry.npmjs.org/ste-simple-events/-/ste-simple-events-2.1.5.tgz",
      "integrity": "sha512-WETrzjkp/c88FLB1ck+/278xunia0R4+KjZiJFKRKJ2PZblX4X53TzsNLNeeKTXUa9aH95rDb2i+dRFVhhj+OA==",
      "requires": {
        "ste-core": "^2.1.5"
      }
    },
    "strongly-typed-events": {
      "version": "2.1.5",
      "resolved": "https://registry.npmjs.org/strongly-typed-events/-/strongly-typed-events-2.1.5.tgz",
      "integrity": "sha512-IqvKnp5pkScz7ItPAFkxAxTIuSUKPmMa8LgSun6e/34UFXfvEwM/eLpDIroIxxvSHS302d0AfhMEwNPLqJJa8g==",
      "requires": {
        "ste-core": "^2.1.5",
        "ste-events": "^2.1.5",
        "ste-promise-events": "^2.1.5",
        "ste-promise-signals": "^2.1.5",
        "ste-promise-simple-events": "^2.1.5",
        "ste-signals": "^2.1.5",
        "ste-simple-events": "^2.1.5"
      }
    }
  }
}
