{
  "name": "@4site/engrid-common",
  "version": "0.3.36",
  "lockfileVersion": 2,
  "requires": true,
  "dependencies": {
    "ste-core": {
      "version": "2.1.6",
      "resolved": "https://registry.npmjs.org/ste-core/-/ste-core-2.1.6.tgz",
      "integrity": "sha512-xIds/JwCP8E+63XOKRtKK93AzSNamLLVfYEeVySf1crWhp4SFegMfJFdUI2PFfMcuFiNh2ai/ok8+Lqp6CWpug=="
    },
    "ste-events": {
      "version": "2.1.6",
      "resolved": "https://registry.npmjs.org/ste-events/-/ste-events-2.1.6.tgz",
      "integrity": "sha512-PA04TUaAR00mgvXIGDr6RLVmDdoHrH+d/pmJsMOkmDLID6Js2YsB0uS9Gz6KyU5ZRuYlT288DhYsoZ+Bit1urQ==",
      "requires": {
        "ste-core": "^2.1.6"
      }
    },
    "ste-promise-events": {
      "version": "2.1.6",
      "resolved": "https://registry.npmjs.org/ste-promise-events/-/ste-promise-events-2.1.6.tgz",
      "integrity": "sha512-pof4UKFkzLMzBpwgn+15nPcs1gNGek5EtAWsmifdyPVyuGMIFyz2nMPBr4bdtdStvLoWCL6yFIUKz2uav3DtRA==",
      "requires": {
        "ste-core": "^2.1.6"
      }
    },
    "ste-promise-signals": {
      "version": "2.1.6",
      "resolved": "https://registry.npmjs.org/ste-promise-signals/-/ste-promise-signals-2.1.6.tgz",
      "integrity": "sha512-C+FzQVHGp7UVlNO065j/4uF3kQU0ANYmRveMS8bHji1UzFFmMUlxbQfIFsbDbi6PCVSPsZdvw5/rcID5FOwY1g==",
      "requires": {
        "ste-core": "^2.1.6"
      }
    },
    "ste-promise-simple-events": {
      "version": "2.1.6",
      "resolved": "https://registry.npmjs.org/ste-promise-simple-events/-/ste-promise-simple-events-2.1.6.tgz",
      "integrity": "sha512-O/LxRfNygWRCwpzLqiKfTfud3XWDoLc+zHfXAheYGnniOy+gG4J8/e+0WFTr0Z/p+8LJkSFbNO5ZrDfx+sg9ZA==",
      "requires": {
        "ste-core": "^2.1.6"
      }
    },
    "ste-signals": {
      "version": "2.1.6",
      "resolved": "https://registry.npmjs.org/ste-signals/-/ste-signals-2.1.6.tgz",
      "integrity": "sha512-CVddf/K8mcUfyoMhAUHAuBRCejNP3BdW75bPWd4IFGoU8SiMNmRorALusy4ulrpYkcITIkf8SuUAMi5lMAPogA==",
      "requires": {
        "ste-core": "^2.1.6"
      }
    },
    "ste-simple-events": {
      "version": "2.1.6",
      "resolved": "https://registry.npmjs.org/ste-simple-events/-/ste-simple-events-2.1.6.tgz",
      "integrity": "sha512-b4JhzWDPIpN+rDxRO7WxwnK7D8jqs7LTvprYoflX85BGR7+YIc597WzcsUxRcncEhEuKZIhJMQRl9iO/v8T9Qg==",
      "requires": {
        "ste-core": "^2.1.6"
      }
    },
    "strongly-typed-events": {
      "version": "2.1.6",
      "resolved": "https://registry.npmjs.org/strongly-typed-events/-/strongly-typed-events-2.1.6.tgz",
      "integrity": "sha512-U0l1XE7k41LS/g/bHkxKhCi9VH38fAwO10VtKA7zSdn7twEzC+H+ON5dXRpQSwKq6O4Dj4fjJB7FF7Wz61+Xvg==",
      "requires": {
        "ste-core": "^2.1.6",
        "ste-events": "^2.1.6",
        "ste-promise-events": "^2.1.6",
        "ste-promise-signals": "^2.1.6",
        "ste-promise-simple-events": "^2.1.6",
        "ste-signals": "^2.1.6",
        "ste-simple-events": "^2.1.6"
      }
    }
  }
}
