{
  "name": "@4site/engrid-common",
  "version": "0.13.19",
  "lockfileVersion": 2,
  "requires": true,
  "packages": {
    "": {
      "name": "@4site/engrid-common",
      "version": "0.13.14",
      "license": "Unlicense",
      "dependencies": {
        "shuffle-seed": "^1.1.6",
        "strongly-typed-events": "^2.0.9"
      }
    },
    "node_modules/seedrandom": {
      "version": "2.4.4",
      "resolved": "https://registry.npmjs.org/seedrandom/-/seedrandom-2.4.4.tgz",
      "integrity": "sha512-9A+PDmgm+2du77B5i0Ip2cxOqqHjgNxnBgglxLcX78A2D6c2rTo61z4jnVABpF4cKeDMDG+cmXXvdnqse2VqMA=="
    },
    "node_modules/shuffle-seed": {
      "version": "1.1.6",
      "resolved": "https://registry.npmjs.org/shuffle-seed/-/shuffle-seed-1.1.6.tgz",
      "integrity": "sha1-UzwSaDurO0+j6HUfxOViFGdEJgs=",
      "dependencies": {
        "seedrandom": "^2.4.2"
      }
    },
    "node_modules/ste-core": {
      "version": "2.1.16",
      "resolved": "https://registry.npmjs.org/ste-core/-/ste-core-2.1.16.tgz",
      "integrity": "sha512-GgwwDFSDWbS2Ps1QliUHJPXeomvwZFfG5B10ggp+INmBD618MxwbA1qwFXdXjYGaS8JfiEC6NlpT3fp9PwfNHw==",
      "engines": {
        "node": ">=4.2.4"
      }
    },
    "node_modules/ste-events": {
      "version": "2.1.16",
      "resolved": "https://registry.npmjs.org/ste-events/-/ste-events-2.1.16.tgz",
      "integrity": "sha512-DFTYyuiCaNC4rY8td1UB9zfsCtcUE9iy5PdKlkQJ8+7Yv/mjVKqKusfmmfbI9BfjTgawinixypInsc+LWx67HA==",
      "dependencies": {
        "ste-core": "^2.1.16"
      },
      "engines": {
        "node": ">=4.2.4"
      }
    },
    "node_modules/ste-promise-events": {
      "version": "2.1.16",
      "resolved": "https://registry.npmjs.org/ste-promise-events/-/ste-promise-events-2.1.16.tgz",
      "integrity": "sha512-An/jUYfuhdj4k0ROwPi+x4UabRlCM8iN4EcmhgkKwKUA0v26dKx2eZ4NtaNEmddV77M3D01mXfE5Ddq+o69ulQ==",
      "dependencies": {
        "ste-core": "^2.1.16"
      },
      "engines": {
        "node": ">=4.2.4"
      }
    },
    "node_modules/ste-promise-signals": {
      "version": "2.1.16",
      "resolved": "https://registry.npmjs.org/ste-promise-signals/-/ste-promise-signals-2.1.16.tgz",
      "integrity": "sha512-op/OvmTVeq4t4X7+5qTqcFTHgCVdRLNcqgamOfK4t1oeSVNZsxtODqJ7+fJqh4RCx27y4xMWqpB3p9vvdetzEw==",
      "dependencies": {
        "ste-core": "^2.1.16"
      },
      "engines": {
        "node": ">=4.2.4"
      }
    },
    "node_modules/ste-promise-simple-events": {
      "version": "2.1.16",
      "resolved": "https://registry.npmjs.org/ste-promise-simple-events/-/ste-promise-simple-events-2.1.16.tgz",
      "integrity": "sha512-jAI0z8oCvcsVQ94kKz2pVtzskI8ODhM4jYJMP4U+K9InONcicKleA+5EKrzGzLjn0WKBd3hegJfM6Vy/Cv5HNA==",
      "dependencies": {
        "ste-core": "^2.1.16"
      },
      "engines": {
        "node": ">=4.2.4"
      }
    },
    "node_modules/ste-signals": {
      "version": "2.1.16",
      "resolved": "https://registry.npmjs.org/ste-signals/-/ste-signals-2.1.16.tgz",
      "integrity": "sha512-odMJ3xG4AIKIyBCL3to4BIBgEpIzpQsyJgt9MbgOAmyUD3FZBMymM8x5QkW0qXXH9RnHnKcaEOOMw6+DUgx77w==",
      "dependencies": {
        "ste-core": "^2.1.16"
      },
      "engines": {
        "node": ">=4.2.4"
      }
    },
    "node_modules/ste-simple-events": {
      "version": "2.1.16",
      "resolved": "https://registry.npmjs.org/ste-simple-events/-/ste-simple-events-2.1.16.tgz",
      "integrity": "sha512-B4gdrRg9jnbJE8sICjbx9NFb04KJn1WYWiXoon/YsD+3DWii4XyE3rMU6ZeJI6GG2s9mNExloNZMGcC9zSKh8A==",
      "dependencies": {
        "ste-core": "^2.1.16"
      },
      "engines": {
        "node": ">=4.2.4"
      }
    },
    "node_modules/strongly-typed-events": {
      "version": "2.1.16",
      "resolved": "https://registry.npmjs.org/strongly-typed-events/-/strongly-typed-events-2.1.16.tgz",
      "integrity": "sha512-y3wh36XtzAg0gWEOnVGloWthmUrdLmeGSddkV1yFHrNHBGAtcjTMvp0ESRVIvKWC8+IVyqzacDPuNPmDTXly0g==",
      "dependencies": {
        "ste-core": "^2.1.16",
        "ste-events": "^2.1.16",
        "ste-promise-events": "^2.1.16",
        "ste-promise-signals": "^2.1.16",
        "ste-promise-simple-events": "^2.1.16",
        "ste-signals": "^2.1.16",
        "ste-simple-events": "^2.1.16"
      },
      "engines": {
        "node": ">=4.2.4"
      }
    }
  },
  "dependencies": {
    "seedrandom": {
      "version": "2.4.4",
      "resolved": "https://registry.npmjs.org/seedrandom/-/seedrandom-2.4.4.tgz",
      "integrity": "sha512-9A+PDmgm+2du77B5i0Ip2cxOqqHjgNxnBgglxLcX78A2D6c2rTo61z4jnVABpF4cKeDMDG+cmXXvdnqse2VqMA=="
    },
    "shuffle-seed": {
      "version": "1.1.6",
      "resolved": "https://registry.npmjs.org/shuffle-seed/-/shuffle-seed-1.1.6.tgz",
      "integrity": "sha1-UzwSaDurO0+j6HUfxOViFGdEJgs=",
      "requires": {
        "seedrandom": "^2.4.2"
      }
    },
    "ste-core": {
      "version": "2.1.16",
      "resolved": "https://registry.npmjs.org/ste-core/-/ste-core-2.1.16.tgz",
      "integrity": "sha512-GgwwDFSDWbS2Ps1QliUHJPXeomvwZFfG5B10ggp+INmBD618MxwbA1qwFXdXjYGaS8JfiEC6NlpT3fp9PwfNHw=="
    },
    "ste-events": {
      "version": "2.1.16",
      "resolved": "https://registry.npmjs.org/ste-events/-/ste-events-2.1.16.tgz",
      "integrity": "sha512-DFTYyuiCaNC4rY8td1UB9zfsCtcUE9iy5PdKlkQJ8+7Yv/mjVKqKusfmmfbI9BfjTgawinixypInsc+LWx67HA==",
      "requires": {
        "ste-core": "^2.1.16"
      }
    },
    "ste-promise-events": {
      "version": "2.1.16",
      "resolved": "https://registry.npmjs.org/ste-promise-events/-/ste-promise-events-2.1.16.tgz",
      "integrity": "sha512-An/jUYfuhdj4k0ROwPi+x4UabRlCM8iN4EcmhgkKwKUA0v26dKx2eZ4NtaNEmddV77M3D01mXfE5Ddq+o69ulQ==",
      "requires": {
        "ste-core": "^2.1.16"
      }
    },
    "ste-promise-signals": {
      "version": "2.1.16",
      "resolved": "https://registry.npmjs.org/ste-promise-signals/-/ste-promise-signals-2.1.16.tgz",
      "integrity": "sha512-op/OvmTVeq4t4X7+5qTqcFTHgCVdRLNcqgamOfK4t1oeSVNZsxtODqJ7+fJqh4RCx27y4xMWqpB3p9vvdetzEw==",
      "requires": {
        "ste-core": "^2.1.16"
      }
    },
    "ste-promise-simple-events": {
      "version": "2.1.16",
      "resolved": "https://registry.npmjs.org/ste-promise-simple-events/-/ste-promise-simple-events-2.1.16.tgz",
      "integrity": "sha512-jAI0z8oCvcsVQ94kKz2pVtzskI8ODhM4jYJMP4U+K9InONcicKleA+5EKrzGzLjn0WKBd3hegJfM6Vy/Cv5HNA==",
      "requires": {
        "ste-core": "^2.1.16"
      }
    },
    "ste-signals": {
      "version": "2.1.16",
      "resolved": "https://registry.npmjs.org/ste-signals/-/ste-signals-2.1.16.tgz",
      "integrity": "sha512-odMJ3xG4AIKIyBCL3to4BIBgEpIzpQsyJgt9MbgOAmyUD3FZBMymM8x5QkW0qXXH9RnHnKcaEOOMw6+DUgx77w==",
      "requires": {
        "ste-core": "^2.1.16"
      }
    },
    "ste-simple-events": {
      "version": "2.1.16",
      "resolved": "https://registry.npmjs.org/ste-simple-events/-/ste-simple-events-2.1.16.tgz",
      "integrity": "sha512-B4gdrRg9jnbJE8sICjbx9NFb04KJn1WYWiXoon/YsD+3DWii4XyE3rMU6ZeJI6GG2s9mNExloNZMGcC9zSKh8A==",
      "requires": {
        "ste-core": "^2.1.16"
      }
    },
    "strongly-typed-events": {
      "version": "2.1.16",
      "resolved": "https://registry.npmjs.org/strongly-typed-events/-/strongly-typed-events-2.1.16.tgz",
      "integrity": "sha512-y3wh36XtzAg0gWEOnVGloWthmUrdLmeGSddkV1yFHrNHBGAtcjTMvp0ESRVIvKWC8+IVyqzacDPuNPmDTXly0g==",
      "requires": {
        "ste-core": "^2.1.16",
        "ste-events": "^2.1.16",
        "ste-promise-events": "^2.1.16",
        "ste-promise-signals": "^2.1.16",
        "ste-promise-simple-events": "^2.1.16",
        "ste-signals": "^2.1.16",
        "ste-simple-events": "^2.1.16"
      }
    }
  }
}
