{
  "name": "@4site/engrid-events",
  "version": "1.0.0",
  "lockfileVersion": 1,
  "requires": true,
  "dependencies": {
    "ste-core": {
      "version": "2.0.9",
      "resolved": "https://registry.npmjs.org/ste-core/-/ste-core-2.0.9.tgz",
      "integrity": "sha512-3Jkj3SckhmexGqtTB39XJx/TiUq5BEh4mNAXhCk3hoXubhs5FmwcUwCZOPZSZ/KamhGQAPsLBQXMuEHSCw0q3Q=="
    },
    "ste-events": {
      "version": "2.0.9",
      "resolved": "https://registry.npmjs.org/ste-events/-/ste-events-2.0.9.tgz",
      "integrity": "sha512-V4JlOHgO9Nk5KUMAWqJuP31f5BhvaYga5YqTtc7ttcUOhCFjAXsY6mdYXULVQ9gvx/c5bx7BhcH573a03mQHTA==",
      "requires": {
        "ste-core": "^2.0.9"
      }
    },
    "ste-promise-events": {
      "version": "2.0.9",
      "resolved": "https://registry.npmjs.org/ste-promise-events/-/ste-promise-events-2.0.9.tgz",
      "integrity": "sha512-B6OS8GSTPj2rrC8+iAIJYq7FpUk5G3i+9KcJNMcIUreBjTrXO2AodZTUubDuKtYqs2NRevNx3LeOjZFvevy+bw==",
      "requires": {
        "ste-core": "^2.0.9"
      }
    },
    "ste-promise-signals": {
      "version": "2.0.9",
      "resolved": "https://registry.npmjs.org/ste-promise-signals/-/ste-promise-signals-2.0.9.tgz",
      "integrity": "sha512-R61SmzIYSlDoblK5NrOCze1GC5jRwCAbwtzfgx7XXCLYZLvCPr6kKYwr7zXgiHDJYURsQkiSfCJmS3SghBv1Cg==",
      "requires": {
        "ste-core": "^2.0.9"
      }
    },
    "ste-promise-simple-events": {
      "version": "2.0.9",
      "resolved": "https://registry.npmjs.org/ste-promise-simple-events/-/ste-promise-simple-events-2.0.9.tgz",
      "integrity": "sha512-JlpJSXOxxRhb5PRCryJgn17lJ+ff0UIJ/C+nMVubNPcNZS3YXoKuMV8vD4+Aw8Qw3K5qekYrdj8p0U+rZ29uCA==",
      "requires": {
        "ste-core": "^2.0.9"
      }
    },
    "ste-signals": {
      "version": "2.0.9",
      "resolved": "https://registry.npmjs.org/ste-signals/-/ste-signals-2.0.9.tgz",
      "integrity": "sha512-kgN1aa6oqPwb3FFgqRRX165Yh/3OvJ602DMxUVMpw19BNUCK16BtUpjP+0FlEpJRi4koIZxxXS9PsOqqiXp/hg==",
      "requires": {
        "ste-core": "^2.0.9"
      }
    },
    "ste-simple-events": {
      "version": "2.0.9",
      "resolved": "https://registry.npmjs.org/ste-simple-events/-/ste-simple-events-2.0.9.tgz",
      "integrity": "sha512-QjquQ0veEA1dSlEmclcOAiwDIqRaiTSSSB8vwXd6nf5IpfhiYP/aivQNyfNpmb2+xHUlG1vc1pjiRBOlHWKuPw==",
      "requires": {
        "ste-core": "^2.0.9"
      }
    },
    "strongly-typed-events": {
      "version": "2.0.9",
      "resolved": "https://registry.npmjs.org/strongly-typed-events/-/strongly-typed-events-2.0.9.tgz",
      "integrity": "sha512-b6bFgNC8VwHHH8yT/O+CMJ8F/k40ZA0jOdUxsIElFB6sYdR5xT7ZjcNloTtwemqXg1yHp3il3W0AJ8ZTPmeOug==",
      "requires": {
        "ste-core": "^2.0.9",
        "ste-events": "^2.0.9",
        "ste-promise-events": "^2.0.9",
        "ste-promise-signals": "^2.0.9",
        "ste-promise-simple-events": "^2.0.9",
        "ste-signals": "^2.0.9",
        "ste-simple-events": "^2.0.9"
      }
    }
  }
}
